
Microsoft Visual Studio Solution File, Format Version 12.00
# Visual Studio Version 17
VisualStudioVersion = 17.7.34202.233
MinimumVisualStudioVersion = 10.0.40219.1
Project("{8BC9CEB8-8B4A-11D0-8D11-00A0C91BC942}") = "MidTermProj(Scoopa)", "MidTermProj(Scoopa)\MidTermProj(Scoopa).vcxproj", "{942915D9-7F87-47E8-9D64-DD9071B2AB9C}"
EndProject
Global
	GlobalSection(SolutionConfigurationPlatforms) = preSolution
		Debug|x64 = Debug|x64
		Debug|x86 = Debug|x86
		Release|x64 = Release|x64
		Release|x86 = Release|x86
	EndGlobalSection
	GlobalSection(ProjectConfigurationPlatforms) = postSolution
		{942915D9-7F87-47E8-9D64-DD9071B2AB9C}.Debug|x64.ActiveCfg = Debug|x64
		{942915D9-7F87-47E8-9D64-DD9071B2AB9C}.Debug|x64.Build.0 = Debug|x64
		{942915D9-7F87-47E8-9D64-DD9071B2AB9C}.Debug|x86.ActiveCfg = Debug|Win32
		{942915D9-7F87-47E8-9D64-DD9071B2AB9C}.Debug|x86.Build.0 = Debug|Win32
		{942915D9-7F87-47E8-9D64-DD9071B2AB9C}.Release|x64.ActiveCfg = Release|x64
		{942915D9-7F87-47E8-9D64-DD9071B2AB9C}.Release|x64.Build.0 = Release|x64
		{942915D9-7F87-47E8-9D64-DD9071B2AB9C}.Release|x86.ActiveCfg = Release|Win32
		{942915D9-7F87-47E8-9D64-DD9071B2AB9C}.Release|x86.Build.0 = Release|Win32
	EndGlobalSection
	GlobalSection(SolutionProperties) = preSolution
		HideSolutionNode = FALSE
	EndGlobalSection
	GlobalSection(ExtensibilityGlobals) = postSolution
		SolutionGuid = {170A30EE-C443-4DB6-9F2F-CE45240D2B85}
	EndGlobalSection
EndGlobal
